github.com/go-telegram/bot v1.2.1 h1:FkrixLCtMtPUQAN4plXdNElbhkdXkx2p68YPXKBruDg=
github.com/go-telegram/bot v1.2.1/go.mod h1:i2TRs7fXWIeaceF3z7KzsMt/he0TwkVC680mvdTFYeM=
github.com/sashabaranov/go-openai v1.20.5 h1:Sab4nzBLtoyxm4jRqH9G9pkIh50WpBFacPTEpruPB6o=
github.com/sashabaranov/go-openai v1.20.5/go.mod h1:lj5b/K+zjTSFxVLijLSTDZuP7adOgerWeFyZLUhAKRg=
golang.org/x/net v0.24.0 h1:1PcaxkF854Fu3+lvBIx5SYn9wRlBzzcnHZSiaFFAb0w=
golang.org/x/net v0.24.0/go.mod h1:2Q7sJY5mzlzWjKtYUEXSlBWCdyaioyXzRB2RtU8KVE8=
